<?xml version="1.0" encoding="utf-8"?>
<Project ToolsVersion="4.0" xmlns="http://schemas.microsoft.com/developer/msbuild/2003">
  <ItemGroup>
    <ClCompile Include="Device.cpp" />
    <ClCompile Include="Scene.cpp" />
    <ClCompile Include="Systems\Keyboard.cpp">
      <Filter>Systems</Filter>
    </ClCompile>
    <ClCompile Include="stdafx.cpp" />
    <ClCompile Include="Renders\Shader.cpp">
      <Filter>Renders</Filter>
    </ClCompile>
    <ClCompile Include="Utilities\BinaryFile.cpp">
      <Filter>Utilities</Filter>
    </ClCompile>
    <ClCompile Include="Utilities\Math.cpp">
      <Filter>Utilities</Filter>
    </ClCompile>
    <ClCompile Include="Utilities\Path.cpp">
      <Filter>Utilities</Filter>
    </ClCompile>
    <ClCompile Include="Utilities\String.cpp">
      <Filter>Utilities</Filter>
    </ClCompile>
    <ClCompile Include="Utilities\Xml.cpp">
      <Filter>Utilities</Filter>
    </ClCompile>
    <ClCompile Include="Renders\Rect.cpp">
      <Filter>Renders</Filter>
    </ClCompile>
  </ItemGroup>
  <ItemGroup>
    <ClInclude Include="Device.h" />
    <ClInclude Include="Systems\Keyboard.h">
      <Filter>Systems</Filter>
    </ClInclude>
    <ClInclude Include="stdafx.h" />
    <ClInclude Include="Renders\Shader.h">
      <Filter>Renders</Filter>
    </ClInclude>
    <ClInclude Include="Utilities\BinaryFile.h">
      <Filter>Utilities</Filter>
    </ClInclude>
    <ClInclude Include="Utilities\Math.h">
      <Filter>Utilities</Filter>
    </ClInclude>
    <ClInclude Include="Utilities\Path.h">
      <Filter>Utilities</Filter>
    </ClInclude>
    <ClInclude Include="Utilities\String.h">
      <Filter>Utilities</Filter>
    </ClInclude>
    <ClInclude Include="Utilities\Xml.h">
      <Filter>Utilities</Filter>
    </ClInclude>
    <ClInclude Include="Renders\Rect.h">
      <Filter>Renders</Filter>
    </ClInclude>
  </ItemGroup>
  <ItemGroup>
    <Filter Include="Systems">
      <UniqueIdentifier>{6c3b4c59-73b4-455c-b513-63c9d5cf87b2}</UniqueIdentifier>
    </Filter>
    <Filter Include="Renders">
      <UniqueIdentifier>{776e50c7-171e-446a-8451-82d53b417fb7}</UniqueIdentifier>
    </Filter>
    <Filter Include="Utilities">
      <UniqueIdentifier>{e900bcdf-9d98-4520-8566-9f9699520aad}</UniqueIdentifier>
    </Filter>
  </ItemGroup>
</Project>